
Microsoft Visual Studio Solution File, Format Version 12.00
# Visual Studio 15
Project("{FAE04EC0-301F-11D3-BF4B-00C04F79EFBC}") = "Assembly-CSharp", "Assembly-CSharp.csproj", "{1070D27A-08A9-521A-74C1-344C733D18EE}"
EndProject
Project("{FAE04EC0-301F-11D3-BF4B-00C04F79EFBC}") = "Assembly-CSharp-firstpass", "Assembly-CSharp-firstpass.csproj", "{6A720F76-296C-77E8-C763-3F26E64B6BED}"
EndProject
Global
	GlobalSection(SolutionConfigurationPlatforms) = preSolution
		Debug|Any CPU = Debug|Any CPU
		Release|Any CPU = Release|Any CPU
	EndGlobalSection
	GlobalSection(ProjectConfigurationPlatforms) = postSolution
		{1070D27A-08A9-521A-74C1-344C733D18EE}.Debug|Any CPU.ActiveCfg = Debug|Any CPU
		{1070D27A-08A9-521A-74C1-344C733D18EE}.Debug|Any CPU.Build.0 = Debug|Any CPU
		{1070D27A-08A9-521A-74C1-344C733D18EE}.Release|Any CPU.ActiveCfg = Release|Any CPU
		{1070D27A-08A9-521A-74C1-344C733D18EE}.Release|Any CPU.Build.0 = Release|Any CPU
		{6A720F76-296C-77E8-C763-3F26E64B6BED}.Debug|Any CPU.ActiveCfg = Debug|Any CPU
		{6A720F76-296C-77E8-C763-3F26E64B6BED}.Debug|Any CPU.Build.0 = Debug|Any CPU
		{6A720F76-296C-77E8-C763-3F26E64B6BED}.Release|Any CPU.ActiveCfg = Release|Any CPU
		{6A720F76-296C-77E8-C763-3F26E64B6BED}.Release|Any CPU.Build.0 = Release|Any CPU
	EndGlobalSection
	GlobalSection(SolutionProperties) = preSolution
		HideSolutionNode = FALSE
	EndGlobalSection
	GlobalSection(MonoDevelopProperties) = preSolution
		StartupItem = Assembly-CSharp.csproj
	EndGlobalSection
EndGlobal
